
Microsoft Visual Studio Solution File, Format Version 12.00
Project("{FAE04EC0-301F-11D3-BF4B-00C04F79EFBC}") = "TomLonghurst.UrlShortener.Site", "TomLonghurst.UrlShortener.Site\TomLonghurst.UrlShortener.Site.csproj", "{C61F0035-38A6-4565-89D7-727CEB3EDE17}"
EndProject
Project("{FAE04EC0-301F-11D3-BF4B-00C04F79EFBC}") = "TomLonghurst.UrlShortener.Site.UnitTests", "TomLonghurst.UrlShortener.Site.UnitTests\TomLonghurst.UrlShortener.Site.UnitTests.csproj", "{B5B45139-F551-446E-9325-F3FCE032813B}"
EndProject
Global
	GlobalSection(SolutionConfigurationPlatforms) = preSolution
		Debug|Any CPU = Debug|Any CPU
		Release|Any CPU = Release|Any CPU
	EndGlobalSection
	GlobalSection(ProjectConfigurationPlatforms) = postSolution
		{C61F0035-38A6-4565-89D7-727CEB3EDE17}.Debug|Any CPU.ActiveCfg = Debug|Any CPU
		{C61F0035-38A6-4565-89D7-727CEB3EDE17}.Debug|Any CPU.Build.0 = Debug|Any CPU
		{C61F0035-38A6-4565-89D7-727CEB3EDE17}.Release|Any CPU.ActiveCfg = Release|Any CPU
		{C61F0035-38A6-4565-89D7-727CEB3EDE17}.Release|Any CPU.Build.0 = Release|Any CPU
		{B5B45139-F551-446E-9325-F3FCE032813B}.Debug|Any CPU.ActiveCfg = Debug|Any CPU
		{B5B45139-F551-446E-9325-F3FCE032813B}.Debug|Any CPU.Build.0 = Debug|Any CPU
		{B5B45139-F551-446E-9325-F3FCE032813B}.Release|Any CPU.ActiveCfg = Release|Any CPU
		{B5B45139-F551-446E-9325-F3FCE032813B}.Release|Any CPU.Build.0 = Release|Any CPU
	EndGlobalSection
EndGlobal
